
Microsoft Visual Studio Solution File, Format Version 12.00
Project("{FAE04EC0-301F-11D3-BF4B-00C04F79EFBC}") = "Monoco.Http.OAuth", "Monoco.Http.OAuth\Monoco.Http.OAuth.csproj", "{48AB0E75-3DB3-41A4-B118-A83F3630512C}"
EndProject
Global
	GlobalSection(SolutionConfigurationPlatforms) = preSolution
		Debug|Any CPU = Debug|Any CPU
		Release|Any CPU = Release|Any CPU
	EndGlobalSection
	GlobalSection(ProjectConfigurationPlatforms) = postSolution
		{48AB0E75-3DB3-41A4-B118-A83F3630512C}.Debug|Any CPU.ActiveCfg = Debug|Any CPU
		{48AB0E75-3DB3-41A4-B118-A83F3630512C}.Debug|Any CPU.Build.0 = Debug|Any CPU
		{48AB0E75-3DB3-41A4-B118-A83F3630512C}.Release|Any CPU.ActiveCfg = Release|Any CPU
		{48AB0E75-3DB3-41A4-B118-A83F3630512C}.Release|Any CPU.Build.0 = Release|Any CPU
	EndGlobalSection
EndGlobal
